
Microsoft Visual Studio Solution File, Format Version 12.00
# Visual Studio Version 17
VisualStudioVersion = 17.5.33530.505
MinimumVisualStudioVersion = 10.0.40219.1
Project("{FAE04EC0-301F-11D3-BF4B-00C04F79EFBC}") = "PluginSample1", "PluginSample1\PluginSample1.csproj", "{34AEAD2A-DE53-4EF4-84E1-05D868BE8CDB}"
EndProject
Global
	GlobalSection(SolutionConfigurationPlatforms) = preSolution
		Debug|Any CPU = Debug|Any CPU
		Release|Any CPU = Release|Any CPU
	EndGlobalSection
	GlobalSection(ProjectConfigurationPlatforms) = postSolution
		{34AEAD2A-DE53-4EF4-84E1-05D868BE8CDB}.Debug|Any CPU.ActiveCfg = Debug|Any CPU
		{34AEAD2A-DE53-4EF4-84E1-05D868BE8CDB}.Debug|Any CPU.Build.0 = Debug|Any CPU
		{34AEAD2A-DE53-4EF4-84E1-05D868BE8CDB}.Release|Any CPU.ActiveCfg = Release|Any CPU
		{34AEAD2A-DE53-4EF4-84E1-05D868BE8CDB}.Release|Any CPU.Build.0 = Release|Any CPU
	EndGlobalSection
	GlobalSection(SolutionProperties) = preSolution
		HideSolutionNode = FALSE
	EndGlobalSection
	GlobalSection(ExtensibilityGlobals) = postSolution
		SolutionGuid = {7D5BDF07-6484-4343-8AFA-24247950F97E}
	EndGlobalSection
EndGlobal
